
Microsoft Visual Studio Solution File, Format Version 12.00
# Visual Studio Version 17
VisualStudioVersion = 17.4.33213.308
MinimumVisualStudioVersion = 10.0.40219.1
Project("{FAE04EC0-301F-11D3-BF4B-00C04F79EFBC}") = "Calendar", "Calendar\Calendar.csproj", "{73D6C843-00FE-41B4-8149-693C400A7BE7}"
EndProject
Global
	GlobalSection(SolutionConfigurationPlatforms) = preSolution
		Debug|Any CPU = Debug|Any CPU
		Release|Any CPU = Release|Any CPU
	EndGlobalSection
	GlobalSection(ProjectConfigurationPlatforms) = postSolution
		{73D6C843-00FE-41B4-8149-693C400A7BE7}.Debug|Any CPU.ActiveCfg = Debug|Any CPU
		{73D6C843-00FE-41B4-8149-693C400A7BE7}.Debug|Any CPU.Build.0 = Debug|Any CPU
		{73D6C843-00FE-41B4-8149-693C400A7BE7}.Release|Any CPU.ActiveCfg = Release|Any CPU
		{73D6C843-00FE-41B4-8149-693C400A7BE7}.Release|Any CPU.Build.0 = Release|Any CPU
	EndGlobalSection
	GlobalSection(SolutionProperties) = preSolution
		HideSolutionNode = FALSE
	EndGlobalSection
	GlobalSection(ExtensibilityGlobals) = postSolution
		SolutionGuid = {6E0257A0-8C92-4614-829E-63979B0D39D9}
	EndGlobalSection
EndGlobal
